Microsoft Visual Studio Solution File, Format Version 9.00
# Visual Studio 2005
Project("{8BC9CEB8-8B4A-11D0-8D11-00A0C91BC942}") = "tcaxml++", "tcaxml++.vcproj", "{DF3C14BB-8F8B-4ADD-B4A2-C2EA95792EA9}"
EndProject
Global
	GlobalSection(SolutionConfigurationPlatforms) = preSolution
		debug-shared-mt|Win32 = debug-shared-mt|Win32
		debug-shared-st|Win32 = debug-shared-st|Win32
		debug-static-mt|Win32 = debug-static-mt|Win32
		debug-static-st|Win32 = debug-static-st|Win32
		release-shared-mt|Win32 = release-shared-mt|Win32
		release-shared-st|Win32 = release-shared-st|Win32
		release-static-mt|Win32 = release-static-mt|Win32
		release-static-st|Win32 = release-static-st|Win32
	EndGlobalSection
	GlobalSection(ProjectConfigurationPlatforms) = postSolution
		{DF3C14BB-8F8B-4ADD-B4A2-C2EA95792EA9}.debug-shared-mt|Win32.ActiveCfg = debug-shared-mt|Win32
		{DF3C14BB-8F8B-4ADD-B4A2-C2EA95792EA9}.debug-shared-mt|Win32.Build.0 = debug-shared-mt|Win32
		{DF3C14BB-8F8B-4ADD-B4A2-C2EA95792EA9}.debug-shared-st|Win32.ActiveCfg = debug-shared-st|Win32
		{DF3C14BB-8F8B-4ADD-B4A2-C2EA95792EA9}.debug-shared-st|Win32.Build.0 = debug-shared-st|Win32
		{DF3C14BB-8F8B-4ADD-B4A2-C2EA95792EA9}.debug-static-mt|Win32.ActiveCfg = debug-static-mt|Win32
		{DF3C14BB-8F8B-4ADD-B4A2-C2EA95792EA9}.debug-static-mt|Win32.Build.0 = debug-static-mt|Win32
		{DF3C14BB-8F8B-4ADD-B4A2-C2EA95792EA9}.debug-static-st|Win32.ActiveCfg = debug-static-st|Win32
		{DF3C14BB-8F8B-4ADD-B4A2-C2EA95792EA9}.debug-static-st|Win32.Build.0 = debug-static-st|Win32
		{DF3C14BB-8F8B-4ADD-B4A2-C2EA95792EA9}.release-shared-mt|Win32.ActiveCfg = release-shared-mt|Win32
		{DF3C14BB-8F8B-4ADD-B4A2-C2EA95792EA9}.release-shared-mt|Win32.Build.0 = release-shared-mt|Win32
		{DF3C14BB-8F8B-4ADD-B4A2-C2EA95792EA9}.release-shared-st|Win32.ActiveCfg = release-shared-st|Win32
		{DF3C14BB-8F8B-4ADD-B4A2-C2EA95792EA9}.release-shared-st|Win32.Build.0 = release-shared-st|Win32
		{DF3C14BB-8F8B-4ADD-B4A2-C2EA95792EA9}.release-static-mt|Win32.ActiveCfg = release-static-mt|Win32
		{DF3C14BB-8F8B-4ADD-B4A2-C2EA95792EA9}.release-static-mt|Win32.Build.0 = release-static-mt|Win32
		{DF3C14BB-8F8B-4ADD-B4A2-C2EA95792EA9}.release-static-st|Win32.ActiveCfg = release-static-st|Win32
		{DF3C14BB-8F8B-4ADD-B4A2-C2EA95792EA9}.release-static-st|Win32.Build.0 = release-static-st|Win32
	EndGlobalSection
	GlobalSection(SolutionProperties) = preSolution
		HideSolutionNode = FALSE
	EndGlobalSection
EndGlobal
